
Microsoft Visual Studio Solution File, Format Version 12.00
# Visual Studio Version 17
VisualStudioVersion = 17.13.35806.99
MinimumVisualStudioVersion = 10.0.40219.1
Project("{FAE04EC0-301F-11D3-BF4B-00C04F79EFBC}") = "BlazorShell", "BlazorShell\BlazorShell.csproj", "{4C22207D-FBC4-4878-A0FF-FDC101DC904C}"
EndProject
Project("{FAE04EC0-301F-11D3-BF4B-00C04F79EFBC}") = "BlazorShell.Modules.Dashboard", "BlazorShell.Modules.Dashboard\BlazorShell.Modules.Dashboard.csproj", "{A5072959-B2F7-1885-FFC5-47A1CFC0D5E1}"
EndProject
Project("{FAE04EC0-301F-11D3-BF4B-00C04F79EFBC}") = "BlazorShell.Modules.Admin", "BlazorShell.Modules.Admin\BlazorShell.Modules.Admin.csproj", "{D333380E-D191-48AE-A825-D45AA37D06B1}"
EndProject
Global
	GlobalSection(SolutionConfigurationPlatforms) = preSolution
		Debug|Any CPU = Debug|Any CPU
		Release|Any CPU = Release|Any CPU
	EndGlobalSection
	GlobalSection(ProjectConfigurationPlatforms) = postSolution
		{4C22207D-FBC4-4878-A0FF-FDC101DC904C}.Debug|Any CPU.ActiveCfg = Debug|Any CPU
		{4C22207D-FBC4-4878-A0FF-FDC101DC904C}.Debug|Any CPU.Build.0 = Debug|Any CPU
		{4C22207D-FBC4-4878-A0FF-FDC101DC904C}.Release|Any CPU.ActiveCfg = Release|Any CPU
		{4C22207D-FBC4-4878-A0FF-FDC101DC904C}.Release|Any CPU.Build.0 = Release|Any CPU
		{A5072959-B2F7-1885-FFC5-47A1CFC0D5E1}.Debug|Any CPU.ActiveCfg = Debug|Any CPU
		{A5072959-B2F7-1885-FFC5-47A1CFC0D5E1}.Debug|Any CPU.Build.0 = Debug|Any CPU
		{A5072959-B2F7-1885-FFC5-47A1CFC0D5E1}.Release|Any CPU.ActiveCfg = Release|Any CPU
		{A5072959-B2F7-1885-FFC5-47A1CFC0D5E1}.Release|Any CPU.Build.0 = Release|Any CPU
		{D333380E-D191-48AE-A825-D45AA37D06B1}.Debug|Any CPU.ActiveCfg = Debug|Any CPU
		{D333380E-D191-48AE-A825-D45AA37D06B1}.Debug|Any CPU.Build.0 = Debug|Any CPU
		{D333380E-D191-48AE-A825-D45AA37D06B1}.Release|Any CPU.ActiveCfg = Release|Any CPU
		{D333380E-D191-48AE-A825-D45AA37D06B1}.Release|Any CPU.Build.0 = Release|Any CPU
	EndGlobalSection
	GlobalSection(SolutionProperties) = preSolution
		HideSolutionNode = FALSE
	EndGlobalSection
	GlobalSection(ExtensibilityGlobals) = postSolution
		SolutionGuid = {66F82969-1EBE-4B8C-A7FD-B7066B5DA9F8}
	EndGlobalSection
EndGlobal
