
Microsoft Visual Studio Solution File, Format Version 12.00
# Visual Studio Version 17
VisualStudioVersion = 17.13.35806.99
MinimumVisualStudioVersion = 10.0.40219.1
Project("{FAE04EC0-301F-11D3-BF4B-00C04F79EFBC}") = "BlazorShell.Modules.Dashboard", "BlazorShell.Modules.Dashboard\BlazorShell.Modules.Dashboard.csproj", "{A5072959-B2F7-1885-FFC5-47A1CFC0D5E1}"
EndProject
Project("{FAE04EC0-301F-11D3-BF4B-00C04F79EFBC}") = "BlazorShell.Modules.Admin", "BlazorShell.Modules.Admin\BlazorShell.Modules.Admin.csproj", "{D333380E-D191-48AE-A825-D45AA37D06B1}"
EndProject
Project("{2150E333-8FDC-42A3-9474-1A3956D46DE8}") = "1_Core", "1_Core", "{12E46AAF-0DFC-02E1-58E8-93FB672CBF9A}"
EndProject
Project("{FAE04EC0-301F-11D3-BF4B-00C04F79EFBC}") = "BlazorShell.Domain", "1_Core\BlazorShell.Domain\BlazorShell.Domain.csproj", "{9A9283AD-FC5C-49E6-9D8D-A3E8AE064B3B}"
EndProject
Project("{FAE04EC0-301F-11D3-BF4B-00C04F79EFBC}") = "BlazorShell.Application", "1_Core\BlazorShell.Application\BlazorShell.Application.csproj", "{5C2A7CBE-9B63-46E8-84C7-F2AA9292C981}"
EndProject
Project("{2150E333-8FDC-42A3-9474-1A3956D46DE8}") = "2_Infrastructure", "2_Infrastructure", "{E744832F-7A4F-BD8F-3A17-945838BE8C66}"
EndProject
Project("{FAE04EC0-301F-11D3-BF4B-00C04F79EFBC}") = "BlazorShell.Infrastructure", "2_Infrastructure\BlazorShell.Infrastructure\BlazorShell.Infrastructure.csproj", "{3E0E95DB-33DA-4690-8234-86D4DD3D8D95}"
EndProject
Project("{FAE04EC0-301F-11D3-BF4B-00C04F79EFBC}") = "BlazorShell.ModuleSystem", "2_Infrastructure\BlazorShell.ModuleSystem\BlazorShell.ModuleSystem.csproj", "{297B7293-2C71-4963-9A6F-D0A2AE0C5429}"
EndProject
Project("{2150E333-8FDC-42A3-9474-1A3956D46DE8}") = "3_Presentation", "3_Presentation", "{6D98A876-CAA0-6F9C-2D09-CC9DAC5EE426}"
EndProject
Project("{FAE04EC0-301F-11D3-BF4B-00C04F79EFBC}") = "BlazorShell.Web", "3_Presentation\BlazorShell.Web\BlazorShell.Web.csproj", "{C1BAEC54-2AEE-4F1B-9D77-108743FFDFD1}"
EndProject
Project("{FAE04EC0-301F-11D3-BF4B-00C04F79EFBC}") = "BlazorShell.SharedUI", "3_Presentation\BlazorShell.SharedUI\BlazorShell.SharedUI.csproj", "{0CFEF14D-E115-42FB-8614-9D2319DB3174}"
EndProject
Project("{2150E333-8FDC-42A3-9474-1A3956D46DE8}") = "4_ModuleSDK", "4_ModuleSDK", "{0E8223AE-6A63-C106-97E3-8A809155F64E}"
EndProject
Project("{FAE04EC0-301F-11D3-BF4B-00C04F79EFBC}") = "BlazorShell.ModuleSDK", "4_ModuleSDK\BlazorShell.ModuleSDK\BlazorShell.ModuleSDK.csproj", "{F237336F-7711-4898-A283-6655ECB5267D}"
EndProject
Project("{2150E333-8FDC-42A3-9474-1A3956D46DE8}") = "5_Modules", "5_Modules", "{98C1CBF9-FF3D-C98C-F2D0-4B94D7E6D5E6}"
EndProject
Global
	GlobalSection(SolutionConfigurationPlatforms) = preSolution
		Debug|Any CPU = Debug|Any CPU
		Debug|x64 = Debug|x64
		Debug|x86 = Debug|x86
		Release|Any CPU = Release|Any CPU
		Release|x64 = Release|x64
		Release|x86 = Release|x86
	EndGlobalSection
	GlobalSection(ProjectConfigurationPlatforms) = postSolution
		{A5072959-B2F7-1885-FFC5-47A1CFC0D5E1}.Debug|Any CPU.ActiveCfg = Debug|Any CPU
		{A5072959-B2F7-1885-FFC5-47A1CFC0D5E1}.Debug|Any CPU.Build.0 = Debug|Any CPU
		{A5072959-B2F7-1885-FFC5-47A1CFC0D5E1}.Debug|x64.ActiveCfg = Debug|Any CPU
		{A5072959-B2F7-1885-FFC5-47A1CFC0D5E1}.Debug|x64.Build.0 = Debug|Any CPU
		{A5072959-B2F7-1885-FFC5-47A1CFC0D5E1}.Debug|x86.ActiveCfg = Debug|Any CPU
		{A5072959-B2F7-1885-FFC5-47A1CFC0D5E1}.Debug|x86.Build.0 = Debug|Any CPU
		{A5072959-B2F7-1885-FFC5-47A1CFC0D5E1}.Release|Any CPU.ActiveCfg = Release|Any CPU
		{A5072959-B2F7-1885-FFC5-47A1CFC0D5E1}.Release|Any CPU.Build.0 = Release|Any CPU
		{A5072959-B2F7-1885-FFC5-47A1CFC0D5E1}.Release|x64.ActiveCfg = Release|Any CPU
		{A5072959-B2F7-1885-FFC5-47A1CFC0D5E1}.Release|x64.Build.0 = Release|Any CPU
		{A5072959-B2F7-1885-FFC5-47A1CFC0D5E1}.Release|x86.ActiveCfg = Release|Any CPU
		{A5072959-B2F7-1885-FFC5-47A1CFC0D5E1}.Release|x86.Build.0 = Release|Any CPU
		{D333380E-D191-48AE-A825-D45AA37D06B1}.Debug|Any CPU.ActiveCfg = Debug|Any CPU
		{D333380E-D191-48AE-A825-D45AA37D06B1}.Debug|Any CPU.Build.0 = Debug|Any CPU
		{D333380E-D191-48AE-A825-D45AA37D06B1}.Debug|x64.ActiveCfg = Debug|Any CPU
		{D333380E-D191-48AE-A825-D45AA37D06B1}.Debug|x64.Build.0 = Debug|Any CPU
		{D333380E-D191-48AE-A825-D45AA37D06B1}.Debug|x86.ActiveCfg = Debug|Any CPU
		{D333380E-D191-48AE-A825-D45AA37D06B1}.Debug|x86.Build.0 = Debug|Any CPU
		{D333380E-D191-48AE-A825-D45AA37D06B1}.Release|Any CPU.ActiveCfg = Release|Any CPU
		{D333380E-D191-48AE-A825-D45AA37D06B1}.Release|Any CPU.Build.0 = Release|Any CPU
		{D333380E-D191-48AE-A825-D45AA37D06B1}.Release|x64.ActiveCfg = Release|Any CPU
		{D333380E-D191-48AE-A825-D45AA37D06B1}.Release|x64.Build.0 = Release|Any CPU
		{D333380E-D191-48AE-A825-D45AA37D06B1}.Release|x86.ActiveCfg = Release|Any CPU
		{D333380E-D191-48AE-A825-D45AA37D06B1}.Release|x86.Build.0 = Release|Any CPU
		{9A9283AD-FC5C-49E6-9D8D-A3E8AE064B3B}.Debug|Any CPU.ActiveCfg = Debug|Any CPU
		{9A9283AD-FC5C-49E6-9D8D-A3E8AE064B3B}.Debug|Any CPU.Build.0 = Debug|Any CPU
		{9A9283AD-FC5C-49E6-9D8D-A3E8AE064B3B}.Debug|x64.ActiveCfg = Debug|Any CPU
		{9A9283AD-FC5C-49E6-9D8D-A3E8AE064B3B}.Debug|x64.Build.0 = Debug|Any CPU
		{9A9283AD-FC5C-49E6-9D8D-A3E8AE064B3B}.Debug|x86.ActiveCfg = Debug|Any CPU
		{9A9283AD-FC5C-49E6-9D8D-A3E8AE064B3B}.Debug|x86.Build.0 = Debug|Any CPU
		{9A9283AD-FC5C-49E6-9D8D-A3E8AE064B3B}.Release|Any CPU.ActiveCfg = Release|Any CPU
		{9A9283AD-FC5C-49E6-9D8D-A3E8AE064B3B}.Release|Any CPU.Build.0 = Release|Any CPU
		{9A9283AD-FC5C-49E6-9D8D-A3E8AE064B3B}.Release|x64.ActiveCfg = Release|Any CPU
		{9A9283AD-FC5C-49E6-9D8D-A3E8AE064B3B}.Release|x64.Build.0 = Release|Any CPU
		{9A9283AD-FC5C-49E6-9D8D-A3E8AE064B3B}.Release|x86.ActiveCfg = Release|Any CPU
		{9A9283AD-FC5C-49E6-9D8D-A3E8AE064B3B}.Release|x86.Build.0 = Release|Any CPU
		{5C2A7CBE-9B63-46E8-84C7-F2AA9292C981}.Debug|Any CPU.ActiveCfg = Debug|Any CPU
		{5C2A7CBE-9B63-46E8-84C7-F2AA9292C981}.Debug|Any CPU.Build.0 = Debug|Any CPU
		{5C2A7CBE-9B63-46E8-84C7-F2AA9292C981}.Debug|x64.ActiveCfg = Debug|Any CPU
		{5C2A7CBE-9B63-46E8-84C7-F2AA9292C981}.Debug|x64.Build.0 = Debug|Any CPU
		{5C2A7CBE-9B63-46E8-84C7-F2AA9292C981}.Debug|x86.ActiveCfg = Debug|Any CPU
		{5C2A7CBE-9B63-46E8-84C7-F2AA9292C981}.Debug|x86.Build.0 = Debug|Any CPU
		{5C2A7CBE-9B63-46E8-84C7-F2AA9292C981}.Release|Any CPU.ActiveCfg = Release|Any CPU
		{5C2A7CBE-9B63-46E8-84C7-F2AA9292C981}.Release|Any CPU.Build.0 = Release|Any CPU
		{5C2A7CBE-9B63-46E8-84C7-F2AA9292C981}.Release|x64.ActiveCfg = Release|Any CPU
		{5C2A7CBE-9B63-46E8-84C7-F2AA9292C981}.Release|x64.Build.0 = Release|Any CPU
		{5C2A7CBE-9B63-46E8-84C7-F2AA9292C981}.Release|x86.ActiveCfg = Release|Any CPU
		{5C2A7CBE-9B63-46E8-84C7-F2AA9292C981}.Release|x86.Build.0 = Release|Any CPU
		{3E0E95DB-33DA-4690-8234-86D4DD3D8D95}.Debug|Any CPU.ActiveCfg = Debug|Any CPU
		{3E0E95DB-33DA-4690-8234-86D4DD3D8D95}.Debug|Any CPU.Build.0 = Debug|Any CPU
		{3E0E95DB-33DA-4690-8234-86D4DD3D8D95}.Debug|x64.ActiveCfg = Debug|Any CPU
		{3E0E95DB-33DA-4690-8234-86D4DD3D8D95}.Debug|x64.Build.0 = Debug|Any CPU
		{3E0E95DB-33DA-4690-8234-86D4DD3D8D95}.Debug|x86.ActiveCfg = Debug|Any CPU
		{3E0E95DB-33DA-4690-8234-86D4DD3D8D95}.Debug|x86.Build.0 = Debug|Any CPU
		{3E0E95DB-33DA-4690-8234-86D4DD3D8D95}.Release|Any CPU.ActiveCfg = Release|Any CPU
		{3E0E95DB-33DA-4690-8234-86D4DD3D8D95}.Release|Any CPU.Build.0 = Release|Any CPU
		{3E0E95DB-33DA-4690-8234-86D4DD3D8D95}.Release|x64.ActiveCfg = Release|Any CPU
		{3E0E95DB-33DA-4690-8234-86D4DD3D8D95}.Release|x64.Build.0 = Release|Any CPU
		{3E0E95DB-33DA-4690-8234-86D4DD3D8D95}.Release|x86.ActiveCfg = Release|Any CPU
		{3E0E95DB-33DA-4690-8234-86D4DD3D8D95}.Release|x86.Build.0 = Release|Any CPU
		{297B7293-2C71-4963-9A6F-D0A2AE0C5429}.Debug|Any CPU.ActiveCfg = Debug|Any CPU
		{297B7293-2C71-4963-9A6F-D0A2AE0C5429}.Debug|Any CPU.Build.0 = Debug|Any CPU
		{297B7293-2C71-4963-9A6F-D0A2AE0C5429}.Debug|x64.ActiveCfg = Debug|Any CPU
		{297B7293-2C71-4963-9A6F-D0A2AE0C5429}.Debug|x64.Build.0 = Debug|Any CPU
		{297B7293-2C71-4963-9A6F-D0A2AE0C5429}.Debug|x86.ActiveCfg = Debug|Any CPU
		{297B7293-2C71-4963-9A6F-D0A2AE0C5429}.Debug|x86.Build.0 = Debug|Any CPU
		{297B7293-2C71-4963-9A6F-D0A2AE0C5429}.Release|Any CPU.ActiveCfg = Release|Any CPU
		{297B7293-2C71-4963-9A6F-D0A2AE0C5429}.Release|Any CPU.Build.0 = Release|Any CPU
		{297B7293-2C71-4963-9A6F-D0A2AE0C5429}.Release|x64.ActiveCfg = Release|Any CPU
		{297B7293-2C71-4963-9A6F-D0A2AE0C5429}.Release|x64.Build.0 = Release|Any CPU
		{297B7293-2C71-4963-9A6F-D0A2AE0C5429}.Release|x86.ActiveCfg = Release|Any CPU
		{297B7293-2C71-4963-9A6F-D0A2AE0C5429}.Release|x86.Build.0 = Release|Any CPU
		{C1BAEC54-2AEE-4F1B-9D77-108743FFDFD1}.Debug|Any CPU.ActiveCfg = Debug|Any CPU
		{C1BAEC54-2AEE-4F1B-9D77-108743FFDFD1}.Debug|Any CPU.Build.0 = Debug|Any CPU
		{C1BAEC54-2AEE-4F1B-9D77-108743FFDFD1}.Debug|x64.ActiveCfg = Debug|Any CPU
		{C1BAEC54-2AEE-4F1B-9D77-108743FFDFD1}.Debug|x64.Build.0 = Debug|Any CPU
		{C1BAEC54-2AEE-4F1B-9D77-108743FFDFD1}.Debug|x86.ActiveCfg = Debug|Any CPU
		{C1BAEC54-2AEE-4F1B-9D77-108743FFDFD1}.Debug|x86.Build.0 = Debug|Any CPU
		{C1BAEC54-2AEE-4F1B-9D77-108743FFDFD1}.Release|Any CPU.ActiveCfg = Release|Any CPU
		{C1BAEC54-2AEE-4F1B-9D77-108743FFDFD1}.Release|Any CPU.Build.0 = Release|Any CPU
		{C1BAEC54-2AEE-4F1B-9D77-108743FFDFD1}.Release|x64.ActiveCfg = Release|Any CPU
		{C1BAEC54-2AEE-4F1B-9D77-108743FFDFD1}.Release|x64.Build.0 = Release|Any CPU
		{C1BAEC54-2AEE-4F1B-9D77-108743FFDFD1}.Release|x86.ActiveCfg = Release|Any CPU
		{C1BAEC54-2AEE-4F1B-9D77-108743FFDFD1}.Release|x86.Build.0 = Release|Any CPU
		{0CFEF14D-E115-42FB-8614-9D2319DB3174}.Debug|Any CPU.ActiveCfg = Debug|Any CPU
		{0CFEF14D-E115-42FB-8614-9D2319DB3174}.Debug|Any CPU.Build.0 = Debug|Any CPU
		{0CFEF14D-E115-42FB-8614-9D2319DB3174}.Debug|x64.ActiveCfg = Debug|Any CPU
		{0CFEF14D-E115-42FB-8614-9D2319DB3174}.Debug|x64.Build.0 = Debug|Any CPU
		{0CFEF14D-E115-42FB-8614-9D2319DB3174}.Debug|x86.ActiveCfg = Debug|Any CPU
		{0CFEF14D-E115-42FB-8614-9D2319DB3174}.Debug|x86.Build.0 = Debug|Any CPU
		{0CFEF14D-E115-42FB-8614-9D2319DB3174}.Release|Any CPU.ActiveCfg = Release|Any CPU
		{0CFEF14D-E115-42FB-8614-9D2319DB3174}.Release|Any CPU.Build.0 = Release|Any CPU
		{0CFEF14D-E115-42FB-8614-9D2319DB3174}.Release|x64.ActiveCfg = Release|Any CPU
		{0CFEF14D-E115-42FB-8614-9D2319DB3174}.Release|x64.Build.0 = Release|Any CPU
		{0CFEF14D-E115-42FB-8614-9D2319DB3174}.Release|x86.ActiveCfg = Release|Any CPU
		{0CFEF14D-E115-42FB-8614-9D2319DB3174}.Release|x86.Build.0 = Release|Any CPU
		{F237336F-7711-4898-A283-6655ECB5267D}.Debug|Any CPU.ActiveCfg = Debug|Any CPU
		{F237336F-7711-4898-A283-6655ECB5267D}.Debug|Any CPU.Build.0 = Debug|Any CPU
		{F237336F-7711-4898-A283-6655ECB5267D}.Debug|x64.ActiveCfg = Debug|Any CPU
		{F237336F-7711-4898-A283-6655ECB5267D}.Debug|x64.Build.0 = Debug|Any CPU
		{F237336F-7711-4898-A283-6655ECB5267D}.Debug|x86.ActiveCfg = Debug|Any CPU
		{F237336F-7711-4898-A283-6655ECB5267D}.Debug|x86.Build.0 = Debug|Any CPU
		{F237336F-7711-4898-A283-6655ECB5267D}.Release|Any CPU.ActiveCfg = Release|Any CPU
		{F237336F-7711-4898-A283-6655ECB5267D}.Release|Any CPU.Build.0 = Release|Any CPU
		{F237336F-7711-4898-A283-6655ECB5267D}.Release|x64.ActiveCfg = Release|Any CPU
		{F237336F-7711-4898-A283-6655ECB5267D}.Release|x64.Build.0 = Release|Any CPU
		{F237336F-7711-4898-A283-6655ECB5267D}.Release|x86.ActiveCfg = Release|Any CPU
		{F237336F-7711-4898-A283-6655ECB5267D}.Release|x86.Build.0 = Release|Any CPU
	EndGlobalSection
	GlobalSection(SolutionProperties) = preSolution
		HideSolutionNode = FALSE
	EndGlobalSection
	GlobalSection(NestedProjects) = preSolution
		{A5072959-B2F7-1885-FFC5-47A1CFC0D5E1} = {98C1CBF9-FF3D-C98C-F2D0-4B94D7E6D5E6}
		{D333380E-D191-48AE-A825-D45AA37D06B1} = {98C1CBF9-FF3D-C98C-F2D0-4B94D7E6D5E6}
		{9A9283AD-FC5C-49E6-9D8D-A3E8AE064B3B} = {12E46AAF-0DFC-02E1-58E8-93FB672CBF9A}
		{5C2A7CBE-9B63-46E8-84C7-F2AA9292C981} = {12E46AAF-0DFC-02E1-58E8-93FB672CBF9A}
		{3E0E95DB-33DA-4690-8234-86D4DD3D8D95} = {E744832F-7A4F-BD8F-3A17-945838BE8C66}
		{297B7293-2C71-4963-9A6F-D0A2AE0C5429} = {E744832F-7A4F-BD8F-3A17-945838BE8C66}
		{C1BAEC54-2AEE-4F1B-9D77-108743FFDFD1} = {6D98A876-CAA0-6F9C-2D09-CC9DAC5EE426}
		{0CFEF14D-E115-42FB-8614-9D2319DB3174} = {6D98A876-CAA0-6F9C-2D09-CC9DAC5EE426}
		{F237336F-7711-4898-A283-6655ECB5267D} = {0E8223AE-6A63-C106-97E3-8A809155F64E}
	EndGlobalSection
	GlobalSection(ExtensibilityGlobals) = postSolution
		SolutionGuid = {66F82969-1EBE-4B8C-A7FD-B7066B5DA9F8}
	EndGlobalSection
EndGlobal
